
Microsoft Visual Studio Solution File, Format Version 12.00
# Visual Studio 14
VisualStudioVersion = 14.0.23107.0
MinimumVisualStudioVersion = 10.0.40219.1
Project("{8BC9CEB8-8B4A-11D0-8D11-00A0C91BC942}") = "Win32_GraphicsApp", "Win32_GraphicsApp\Win32_GraphicsApp.vcxproj", "{44275140-9A5A-44AD-8BC4-9EF1B26D7A65}"
	ProjectSection(ProjectDependencies) = postProject
		{75B113DA-3D9A-4F2B-999F-7AEED8484680} = {75B113DA-3D9A-4F2B-999F-7AEED8484680}
	EndProjectSection
EndProject
Project("{8BC9CEB8-8B4A-11D0-8D11-00A0C91BC942}") = "GfxLib", "GfxLib\GfxLib.vcxproj", "{75B113DA-3D9A-4F2B-999F-7AEED8484680}"
EndProject
Global
	GlobalSection(SolutionConfigurationPlatforms) = preSolution
		Debug|x64 = Debug|x64
		Debug|x86 = Debug|x86
		Release|x64 = Release|x64
		Release|x86 = Release|x86
	EndGlobalSection
	GlobalSection(ProjectConfigurationPlatforms) = postSolution
		{44275140-9A5A-44AD-8BC4-9EF1B26D7A65}.Debug|x64.ActiveCfg = Debug|x64
		{44275140-9A5A-44AD-8BC4-9EF1B26D7A65}.Debug|x64.Build.0 = Debug|x64
		{44275140-9A5A-44AD-8BC4-9EF1B26D7A65}.Debug|x86.ActiveCfg = Debug|Win32
		{44275140-9A5A-44AD-8BC4-9EF1B26D7A65}.Debug|x86.Build.0 = Debug|Win32
		{44275140-9A5A-44AD-8BC4-9EF1B26D7A65}.Release|x64.ActiveCfg = Release|x64
		{44275140-9A5A-44AD-8BC4-9EF1B26D7A65}.Release|x64.Build.0 = Release|x64
		{44275140-9A5A-44AD-8BC4-9EF1B26D7A65}.Release|x86.ActiveCfg = Release|Win32
		{44275140-9A5A-44AD-8BC4-9EF1B26D7A65}.Release|x86.Build.0 = Release|Win32
		{75B113DA-3D9A-4F2B-999F-7AEED8484680}.Debug|x64.ActiveCfg = Debug|x64
		{75B113DA-3D9A-4F2B-999F-7AEED8484680}.Debug|x64.Build.0 = Debug|x64
		{75B113DA-3D9A-4F2B-999F-7AEED8484680}.Debug|x86.ActiveCfg = Debug|Win32
		{75B113DA-3D9A-4F2B-999F-7AEED8484680}.Debug|x86.Build.0 = Debug|Win32
		{75B113DA-3D9A-4F2B-999F-7AEED8484680}.Release|x64.ActiveCfg = Release|x64
		{75B113DA-3D9A-4F2B-999F-7AEED8484680}.Release|x64.Build.0 = Release|x64
		{75B113DA-3D9A-4F2B-999F-7AEED8484680}.Release|x86.ActiveCfg = Release|Win32
		{75B113DA-3D9A-4F2B-999F-7AEED8484680}.Release|x86.Build.0 = Release|Win32
	EndGlobalSection
	GlobalSection(SolutionProperties) = preSolution
		HideSolutionNode = FALSE
	EndGlobalSection
EndGlobal
